
Microsoft Visual Studio Solution File, Format Version 12.00
# Visual Studio Version 17
VisualStudioVersion = 17.0.31903.59
MinimumVisualStudioVersion = 10.0.40219.1
Project("{FAE04EC0-301F-11D3-BF4B-00C04F79EFBC}") = "PlayerManagerMVC", "PlayerManagerMVC\PlayerManagerMVC.csproj", "{2C48C2B4-0376-469B-94DA-81CCE9B9496B}"
EndProject
Project("{FAE04EC0-301F-11D3-BF4B-00C04F79EFBC}") = "PlayerManagerMVC2", "PlayerManagerMVC2\PlayerManagerMVC2.csproj", "{428752B2-07AE-4431-9879-3E44167E6286}"
EndProject
Project("{FAE04EC0-301F-11D3-BF4B-00C04F79EFBC}") = "GuessTheWord", "GuessTheWord\GuessTheWord.csproj", "{21DCC3DE-D0F4-4899-83F8-B00FB86B0F6D}"
EndProject
Global
	GlobalSection(SolutionConfigurationPlatforms) = preSolution
		Debug|Any CPU = Debug|Any CPU
		Release|Any CPU = Release|Any CPU
	EndGlobalSection
	GlobalSection(SolutionProperties) = preSolution
		HideSolutionNode = FALSE
	EndGlobalSection
	GlobalSection(ProjectConfigurationPlatforms) = postSolution
		{2C48C2B4-0376-469B-94DA-81CCE9B9496B}.Debug|Any CPU.ActiveCfg = Debug|Any CPU
		{2C48C2B4-0376-469B-94DA-81CCE9B9496B}.Debug|Any CPU.Build.0 = Debug|Any CPU
		{2C48C2B4-0376-469B-94DA-81CCE9B9496B}.Release|Any CPU.ActiveCfg = Release|Any CPU
		{2C48C2B4-0376-469B-94DA-81CCE9B9496B}.Release|Any CPU.Build.0 = Release|Any CPU
		{428752B2-07AE-4431-9879-3E44167E6286}.Debug|Any CPU.ActiveCfg = Debug|Any CPU
		{428752B2-07AE-4431-9879-3E44167E6286}.Debug|Any CPU.Build.0 = Debug|Any CPU
		{428752B2-07AE-4431-9879-3E44167E6286}.Release|Any CPU.ActiveCfg = Release|Any CPU
		{428752B2-07AE-4431-9879-3E44167E6286}.Release|Any CPU.Build.0 = Release|Any CPU
		{21DCC3DE-D0F4-4899-83F8-B00FB86B0F6D}.Debug|Any CPU.ActiveCfg = Debug|Any CPU
		{21DCC3DE-D0F4-4899-83F8-B00FB86B0F6D}.Debug|Any CPU.Build.0 = Debug|Any CPU
		{21DCC3DE-D0F4-4899-83F8-B00FB86B0F6D}.Release|Any CPU.ActiveCfg = Release|Any CPU
		{21DCC3DE-D0F4-4899-83F8-B00FB86B0F6D}.Release|Any CPU.Build.0 = Release|Any CPU
	EndGlobalSection
EndGlobal
